
Microsoft Visual Studio Solution File, Format Version 12.00
# Visual Studio Version 17
VisualStudioVersion = 17.8.34330.188
MinimumVisualStudioVersion = 10.0.40219.1
Project("{FAE04EC0-301F-11D3-BF4B-00C04F79EFBC}") = "Ejer8C#", "Ejer8C#.csproj", "{52C6A9B1-3680-4754-B116-1202CC774F8D}"
EndProject
Global
	GlobalSection(SolutionConfigurationPlatforms) = preSolution
		Debug|Any CPU = Debug|Any CPU
		Release|Any CPU = Release|Any CPU
	EndGlobalSection
	GlobalSection(ProjectConfigurationPlatforms) = postSolution
		{52C6A9B1-3680-4754-B116-1202CC774F8D}.Debug|Any CPU.ActiveCfg = Debug|Any CPU
		{52C6A9B1-3680-4754-B116-1202CC774F8D}.Debug|Any CPU.Build.0 = Debug|Any CPU
		{52C6A9B1-3680-4754-B116-1202CC774F8D}.Release|Any CPU.ActiveCfg = Release|Any CPU
		{52C6A9B1-3680-4754-B116-1202CC774F8D}.Release|Any CPU.Build.0 = Release|Any CPU
	EndGlobalSection
	GlobalSection(SolutionProperties) = preSolution
		HideSolutionNode = FALSE
	EndGlobalSection
	GlobalSection(ExtensibilityGlobals) = postSolution
		SolutionGuid = {F9094BC3-6805-4526-B1EF-9D8F9D766364}
	EndGlobalSection
EndGlobal
